{
  "name": "own packages",
  "lockfileVersion": 3,
  "requires": true,
  "packages": {
    "": {
      "dependencies": {
        "your-package-name": "^0.0.0"
      }
    },
    "node_modules/your-package-name": {
      "version": "0.0.0",
      "resolved": "https://registry.npmjs.org/your-package-name/-/your-package-name-0.0.0.tgz",
      "integrity": "sha512-rSZcXpHm/885/C4tREMNhfdX8BiQuPM8zt/jvxL/qUJsweVrUlyluT5cQv+R4tQNoz5npIQ4gc/bww+7vLy6WA==",
      "license": "UNLICENSED"
    }
  }
}
