{
  "name": "DataLoader for Batching",
  "lockfileVersion": 3,
  "requires": true,
  "packages": {
    "": {
      "dependencies": {
        "dataloader": "^2.2.3"
      }
    },
    "node_modules/dataloader": {
      "version": "2.2.3",
      "resolved": "https://registry.npmjs.org/dataloader/-/dataloader-2.2.3.tgz",
      "integrity": "sha512-y2krtASINtPFS1rSDjacrFgn1dcUuoREVabwlOGOe4SdxenREqwjwjElAdwvbGM7kgZz9a3KVicWR7vcz8rnzA==",
      "license": "MIT"
    }
  }
}
