{
  "name": "creating",
  "lockfileVersion": 3,
  "requires": true,
  "packages": {
    "": {
      "dependencies": {
        "my-utils": "^0.1.3"
      }
    },
    "node_modules/lodash": {
      "version": "4.17.21",
      "resolved": "https://registry.npmjs.org/lodash/-/lodash-4.17.21.tgz",
      "integrity": "sha512-v2kDEe57lecTulaDIuNTPy3Ry4gLGJ6Z1O3vE1krgXZNrsQ+LFTGHVxVjcXPs17LhbZVGedAJv8XZ1tvj5FvSg==",
      "license": "MIT",
      "peer": true
    },
    "node_modules/my-utils": {
      "version": "0.1.3",
      "resolved": "https://registry.npmjs.org/my-utils/-/my-utils-0.1.3.tgz",
      "integrity": "sha512-Y0LGFTOHY1WAkbKQPqhgFIuCBzd4Yb5+0oC9jjiP3dWwa8DFkSn9xCYgKgGmO9NeY+fax2oMWt6yv4vWAQF36w==",
      "license": "MIT",
      "peerDependencies": {
        "lodash": "^4.17.4"
      }
    }
  }
}
